github.com/gohugoio/hugo-mod-jslibs-dist/popperjs/v2 v2.21100.20000 h1:GZxx4Hc+yb0/t3/rau1j8XlAxLE4CyXns2fqQbyqWfs=
github.com/gohugoio/hugo-mod-jslibs-dist/popperjs/v2 v2.21100.20000/go.mod h1:mFberT6ZtcchrsDtfvJM7aAH2bDKLdOnruUHl0hlapI=
github.com/krisk/Fuse v6.6.2+incompatible h1:laigOpZFs/xUi9zGjVu5t19bcvzRVufoXCnPSgQZmYI=
github.com/krisk/Fuse v6.6.2+incompatible/go.mod h1:3moWv8rDjwoKic9nwiPLgZjldkbdTAbtzJHCu/Vsj4A=
github.com/razonyang/hb-header v0.2.0 h1:BMwGHeGRc5qIShC9WZjX3+CWAfaGqELyBAMA7TTdaq0=
github.com/razonyang/hb-header v0.2.0/go.mod h1:J/IR1Qs6+pZ4LI4988fP9r3RSA7dhWeqM/BjW9CL0hA=
github.com/razonyang/hb-search v0.1.0 h1:9y6X6JUtiYwU3TC1QNRA/ydiuzLqMJT9Y3jhU90myE8=
github.com/razonyang/hb-search v0.1.0/go.mod h1:+lj4CbWuAWVA+2thbNut7aN4gNCaW9iutX/nFRKdMpQ=
github.com/razonyang/hugo-mod-fuse-js v0.1.0 h1:IPWcKaqhpwlP8ziPiSGCrde6oSCswLfJWhXSCvjcOlk=
github.com/razonyang/hugo-mod-fuse-js v0.1.0/go.mod h1:+0fqwM+6kYuGsPYUO/r1aVcXzSpYW2vu3LDp6GT+zec=
github.com/razonyang/hugo-mod-i18n-js v0.2.1 h1:QBRQ76p5PX0j7GZTeEmnkqF17uw4Z5OyRQ7bU8oU1mQ=
github.com/razonyang/hugo-mod-i18n-js v0.2.1/go.mod h1:tYWfHF0qtvmsMHHgGN1Yw/cDVgGe7hUK1sCsegW5e8g=
github.com/razonyang/hugo-mod-icons v0.2.0 h1:xEeFV2bZnimG5KH+l0yWWYtq9doJODBM/IpX6DVB8xY=
github.com/razonyang/hugo-mod-icons v0.2.0/go.mod h1:4atUyrOOKz1CnywT6qdUy3KoK4hcsM/JnS/EvqDWgnY=
github.com/razonyang/hugo-mod-icons-bootstrap v0.2.0 h1:oPXiChKQxtC5xj9DZLrLlERZOtSQr4j/Iup4AI2Se5s=
github.com/razonyang/hugo-mod-icons-bootstrap v0.2.0/go.mod h1:SUvnZyVLycwUSLDFdmehibozDym6yT/xfEaC/US0wHE=
github.com/razonyang/hugo-mod-icons/vendors/bootstrap v0.1.0 h1:DCMA8MUdo0eRQGTmlBGzCGFTThYv9hSLsRGBdKrWtJ8=
github.com/razonyang/hugo-mod-icons/vendors/bootstrap v0.1.0/go.mod h1:qpjpOVApH3ioWClhE05ja646/w6Wy4lz2mUA16JofEI=
github.com/razonyang/hugopress v0.6.0 h1:cQaCTTJGMt4bwZRzIxwKnxHirQn9aoanCw+xRSOC6Mw=
github.com/razonyang/hugopress v0.6.0/go.mod h1:vbHm/Fv59XztrpuCo9TUQwuH4ZWES9zWns7n5GSZn7k=
github.com/twbs/icons v1.10.3 h1:8i0wcDkk04KXd2ofLtMHUERkA5OkrpAzDyBVv/PJaL0=
github.com/twbs/icons v1.10.3/go.mod h1:GnRlymgVWp5iVJCMa0Me5b6tFyGpVc2bSxPMRGIJmyA=
